
Microsoft Visual Studio Solution File, Format Version 12.00
# Visual Studio Version 16
VisualStudioVersion = 16.0.29728.190
MinimumVisualStudioVersion = 10.0.40219.1
Project("{FAE04EC0-301F-11D3-BF4B-00C04F79EFBC}") = "NUnitSeleniumTestProject", "NUnitSeleniumTestProject\NUnitSeleniumTestProject.csproj", "{85B13041-783F-43C4-9D65-E63C86EDF1D2}"
EndProject
Global
	GlobalSection(SolutionConfigurationPlatforms) = preSolution
		Debug|Any CPU = Debug|Any CPU
		Release|Any CPU = Release|Any CPU
	EndGlobalSection
	GlobalSection(ProjectConfigurationPlatforms) = postSolution
		{85B13041-783F-43C4-9D65-E63C86EDF1D2}.Debug|Any CPU.ActiveCfg = Debug|Any CPU
		{85B13041-783F-43C4-9D65-E63C86EDF1D2}.Debug|Any CPU.Build.0 = Debug|Any CPU
		{85B13041-783F-43C4-9D65-E63C86EDF1D2}.Release|Any CPU.ActiveCfg = Release|Any CPU
		{85B13041-783F-43C4-9D65-E63C86EDF1D2}.Release|Any CPU.Build.0 = Release|Any CPU
	EndGlobalSection
	GlobalSection(SolutionProperties) = preSolution
		HideSolutionNode = FALSE
	EndGlobalSection
	GlobalSection(ExtensibilityGlobals) = postSolution
		SolutionGuid = {80273E4C-7FC0-4134-87C4-93596705991E}
	EndGlobalSection
EndGlobal
